
Microsoft Visual Studio Solution File, Format Version 12.00
# Visual Studio Version 17
VisualStudioVersion = 17.10.35004.147
MinimumVisualStudioVersion = 10.0.40219.1
Project("{9A19103F-16F7-4668-BE54-9A1E7A4F7556}") = "AutoServiceCatalog.API", "AutoServiceCatalog.API\AutoServiceCatalog.API.csproj", "{145CF600-445B-488E-8A32-B38DB392DDA0}"
EndProject
Project("{9A19103F-16F7-4668-BE54-9A1E7A4F7556}") = "AutoServiceCatalog.BLL", "AutoServiceCatalog.BLL\AutoServiceCatalog.BLL.csproj", "{8D675C31-65C9-4650-9CD9-83F912AFBFC5}"
EndProject
Project("{9A19103F-16F7-4668-BE54-9A1E7A4F7556}") = "AutoServiceCatalog.DAL", "AutoServiceCatalog.DAL\AutoServiceCatalog.DAL.csproj", "{E8F412CC-66F9-4CEA-9E65-05B5E02A409B}"
EndProject
Project("{2150E333-8FDC-42A3-9474-1A3956D46DE8}") = "AutoserviceCatalog", "AutoserviceCatalog", "{BECBBED3-022B-4E46-B49A-DF0BFA96CB7F}"
EndProject
Project("{2150E333-8FDC-42A3-9474-1A3956D46DE8}") = "AutoserviceOrders", "AutoserviceOrders", "{F73F2386-E9E8-471F-B9E6-11878496192B}"
EndProject
Project("{9A19103F-16F7-4668-BE54-9A1E7A4F7556}") = "AutoserviceOrders.API", "AutoserviceOrders.API\AutoserviceOrders.API.csproj", "{3D4C9E7A-3E98-4112-9DAC-FC1390B87D8A}"
EndProject
Project("{9A19103F-16F7-4668-BE54-9A1E7A4F7556}") = "AutoserviceOrders.BLL", "AutoserviceOrders.BLL\AutoserviceOrders.BLL.csproj", "{1C315C3D-BA10-4568-B7B3-E173792BE50F}"
EndProject
Project("{9A19103F-16F7-4668-BE54-9A1E7A4F7556}") = "AutoserviceOrders.DAL", "AutoserviceOrders.DAL\AutoserviceOrders.DAL.csproj", "{1B841B25-D645-425C-B141-46225B5392FB}"
EndProject
Project("{2150E333-8FDC-42A3-9474-1A3956D46DE8}") = "AutoserviceFeedback", "AutoserviceFeedback", "{7284D785-3C05-4B08-8313-2C611F865700}"
EndProject
Project("{FAE04EC0-301F-11D3-BF4B-00C04F79EFBC}") = "WebApi", "WebApi\WebApi.csproj", "{750F3251-48EF-4F32-9AF7-42C7A9E72A4C}"
EndProject
Project("{FAE04EC0-301F-11D3-BF4B-00C04F79EFBC}") = "Domain", "Domain\Domain.csproj", "{C5C92761-2A9B-411E-A741-B7C21B40DE13}"
EndProject
Project("{FAE04EC0-301F-11D3-BF4B-00C04F79EFBC}") = "Application", "Application\Application.csproj", "{255594EA-7C17-4CF2-B0C8-7D6B1E635D04}"
EndProject
Project("{FAE04EC0-301F-11D3-BF4B-00C04F79EFBC}") = "Infrastructure", "Infrastructure\Infrastructure.csproj", "{98DDD58B-9BA4-4C67-A6A6-504F8A89D317}"
EndProject
Global
	GlobalSection(SolutionConfigurationPlatforms) = preSolution
		Debug|Any CPU = Debug|Any CPU
		Release|Any CPU = Release|Any CPU
	EndGlobalSection
	GlobalSection(ProjectConfigurationPlatforms) = postSolution
		{145CF600-445B-488E-8A32-B38DB392DDA0}.Debug|Any CPU.ActiveCfg = Debug|Any CPU
		{145CF600-445B-488E-8A32-B38DB392DDA0}.Debug|Any CPU.Build.0 = Debug|Any CPU
		{145CF600-445B-488E-8A32-B38DB392DDA0}.Release|Any CPU.ActiveCfg = Release|Any CPU
		{145CF600-445B-488E-8A32-B38DB392DDA0}.Release|Any CPU.Build.0 = Release|Any CPU
		{8D675C31-65C9-4650-9CD9-83F912AFBFC5}.Debug|Any CPU.ActiveCfg = Debug|Any CPU
		{8D675C31-65C9-4650-9CD9-83F912AFBFC5}.Debug|Any CPU.Build.0 = Debug|Any CPU
		{8D675C31-65C9-4650-9CD9-83F912AFBFC5}.Release|Any CPU.ActiveCfg = Release|Any CPU
		{8D675C31-65C9-4650-9CD9-83F912AFBFC5}.Release|Any CPU.Build.0 = Release|Any CPU
		{E8F412CC-66F9-4CEA-9E65-05B5E02A409B}.Debug|Any CPU.ActiveCfg = Debug|Any CPU
		{E8F412CC-66F9-4CEA-9E65-05B5E02A409B}.Debug|Any CPU.Build.0 = Debug|Any CPU
		{E8F412CC-66F9-4CEA-9E65-05B5E02A409B}.Release|Any CPU.ActiveCfg = Release|Any CPU
		{E8F412CC-66F9-4CEA-9E65-05B5E02A409B}.Release|Any CPU.Build.0 = Release|Any CPU
		{3D4C9E7A-3E98-4112-9DAC-FC1390B87D8A}.Debug|Any CPU.ActiveCfg = Debug|Any CPU
		{3D4C9E7A-3E98-4112-9DAC-FC1390B87D8A}.Debug|Any CPU.Build.0 = Debug|Any CPU
		{3D4C9E7A-3E98-4112-9DAC-FC1390B87D8A}.Release|Any CPU.ActiveCfg = Release|Any CPU
		{3D4C9E7A-3E98-4112-9DAC-FC1390B87D8A}.Release|Any CPU.Build.0 = Release|Any CPU
		{1C315C3D-BA10-4568-B7B3-E173792BE50F}.Debug|Any CPU.ActiveCfg = Debug|Any CPU
		{1C315C3D-BA10-4568-B7B3-E173792BE50F}.Debug|Any CPU.Build.0 = Debug|Any CPU
		{1C315C3D-BA10-4568-B7B3-E173792BE50F}.Release|Any CPU.ActiveCfg = Release|Any CPU
		{1C315C3D-BA10-4568-B7B3-E173792BE50F}.Release|Any CPU.Build.0 = Release|Any CPU
		{1B841B25-D645-425C-B141-46225B5392FB}.Debug|Any CPU.ActiveCfg = Debug|Any CPU
		{1B841B25-D645-425C-B141-46225B5392FB}.Debug|Any CPU.Build.0 = Debug|Any CPU
		{1B841B25-D645-425C-B141-46225B5392FB}.Release|Any CPU.ActiveCfg = Release|Any CPU
		{1B841B25-D645-425C-B141-46225B5392FB}.Release|Any CPU.Build.0 = Release|Any CPU
		{750F3251-48EF-4F32-9AF7-42C7A9E72A4C}.Debug|Any CPU.ActiveCfg = Debug|Any CPU
		{750F3251-48EF-4F32-9AF7-42C7A9E72A4C}.Debug|Any CPU.Build.0 = Debug|Any CPU
		{750F3251-48EF-4F32-9AF7-42C7A9E72A4C}.Release|Any CPU.ActiveCfg = Release|Any CPU
		{750F3251-48EF-4F32-9AF7-42C7A9E72A4C}.Release|Any CPU.Build.0 = Release|Any CPU
		{C5C92761-2A9B-411E-A741-B7C21B40DE13}.Debug|Any CPU.ActiveCfg = Debug|Any CPU
		{C5C92761-2A9B-411E-A741-B7C21B40DE13}.Debug|Any CPU.Build.0 = Debug|Any CPU
		{C5C92761-2A9B-411E-A741-B7C21B40DE13}.Release|Any CPU.ActiveCfg = Release|Any CPU
		{C5C92761-2A9B-411E-A741-B7C21B40DE13}.Release|Any CPU.Build.0 = Release|Any CPU
		{255594EA-7C17-4CF2-B0C8-7D6B1E635D04}.Debug|Any CPU.ActiveCfg = Debug|Any CPU
		{255594EA-7C17-4CF2-B0C8-7D6B1E635D04}.Debug|Any CPU.Build.0 = Debug|Any CPU
		{255594EA-7C17-4CF2-B0C8-7D6B1E635D04}.Release|Any CPU.ActiveCfg = Release|Any CPU
		{255594EA-7C17-4CF2-B0C8-7D6B1E635D04}.Release|Any CPU.Build.0 = Release|Any CPU
		{98DDD58B-9BA4-4C67-A6A6-504F8A89D317}.Debug|Any CPU.ActiveCfg = Debug|Any CPU
		{98DDD58B-9BA4-4C67-A6A6-504F8A89D317}.Debug|Any CPU.Build.0 = Debug|Any CPU
		{98DDD58B-9BA4-4C67-A6A6-504F8A89D317}.Release|Any CPU.ActiveCfg = Release|Any CPU
		{98DDD58B-9BA4-4C67-A6A6-504F8A89D317}.Release|Any CPU.Build.0 = Release|Any CPU
	EndGlobalSection
	GlobalSection(SolutionProperties) = preSolution
		HideSolutionNode = FALSE
	EndGlobalSection
	GlobalSection(NestedProjects) = preSolution
		{145CF600-445B-488E-8A32-B38DB392DDA0} = {BECBBED3-022B-4E46-B49A-DF0BFA96CB7F}
		{8D675C31-65C9-4650-9CD9-83F912AFBFC5} = {BECBBED3-022B-4E46-B49A-DF0BFA96CB7F}
		{E8F412CC-66F9-4CEA-9E65-05B5E02A409B} = {BECBBED3-022B-4E46-B49A-DF0BFA96CB7F}
		{3D4C9E7A-3E98-4112-9DAC-FC1390B87D8A} = {F73F2386-E9E8-471F-B9E6-11878496192B}
		{1C315C3D-BA10-4568-B7B3-E173792BE50F} = {F73F2386-E9E8-471F-B9E6-11878496192B}
		{1B841B25-D645-425C-B141-46225B5392FB} = {F73F2386-E9E8-471F-B9E6-11878496192B}
		{750F3251-48EF-4F32-9AF7-42C7A9E72A4C} = {7284D785-3C05-4B08-8313-2C611F865700}
		{C5C92761-2A9B-411E-A741-B7C21B40DE13} = {7284D785-3C05-4B08-8313-2C611F865700}
		{255594EA-7C17-4CF2-B0C8-7D6B1E635D04} = {7284D785-3C05-4B08-8313-2C611F865700}
		{98DDD58B-9BA4-4C67-A6A6-504F8A89D317} = {7284D785-3C05-4B08-8313-2C611F865700}
	EndGlobalSection
	GlobalSection(ExtensibilityGlobals) = postSolution
		SolutionGuid = {D0F88AF4-206C-4605-A005-17234DFD5C59}
	EndGlobalSection
EndGlobal
